// !$*UTF8*$!
{
	archiveVersion = 1;
	classes = {
	};
	objectVersion = 50;
	objects = {

/* Begin PBXBuildFile section */
		790894332147B8A800DC70C6 /* AppDelegate.swift in Sources */ = {isa = PBXBuildFile; fileRef = 790894322147B8A800DC70C6 /* AppDelegate.swift */; };
		790894352147B8A800DC70C6 /* ViewController.swift in Sources */ = {isa = PBXBuildFile; fileRef = 790894342147B8A800DC70C6 /* ViewController.swift */; };
		790894382147B8A800DC70C6 /* Main.storyboard in Resources */ = {isa = PBXBuildFile; fileRef = 790894362147B8A800DC70C6 /* Main.storyboard */; };
		7908943A2147B8B200DC70C6 /* Assets.xcassets in Resources */ = {isa = PBXBuildFile; fileRef = 790894392147B8B200DC70C6 /* Assets.xcassets */; };
		7908943D2147B8B200DC70C6 /* LaunchScreen.storyboard in Resources */ = {isa = PBXBuildFile; fileRef = 7908943B2147B8B200DC70C6 /* LaunchScreen.storyboard */; };
		790894482147B8B200DC70C6 /* EWToastTests.swift in Sources */ = {isa = PBXBuildFile; fileRef = 790894472147B8B200DC70C6 /* EWToastTests.swift */; };
		790894532147B8B200DC70C6 /* EWToastUITests.swift in Sources */ = {isa = PBXBuildFile; fileRef = 790894522147B8B200DC70C6 /* EWToastUITests.swift */; };
		790894652147C67500DC70C6 /* EWToast.swift in Sources */ = {isa = PBXBuildFile; fileRef = 790894642147C67500DC70C6 /* EWToast.swift */; };
/* End PBXBuildFile section */

/* Begin PBXContainerItemProxy section */
		790894442147B8B200DC70C6 /* PBXContainerItemProxy */ = {
			isa = PBXContainerItemProxy;
			containerPortal = 790894272147B8A800DC70C6 /* Project object */;
			proxyType = 1;
			remoteGlobalIDString = 7908942E2147B8A800DC70C6;
			remoteInfo = EWToast;
		};
		7908944F2147B8B200DC70C6 /* PBXContainerItemProxy */ = {
			isa = PBXContainerItemProxy;
			containerPortal = 790894272147B8A800DC70C6 /* Project object */;
			proxyType = 1;
			remoteGlobalIDString = 7908942E2147B8A800DC70C6;
			remoteInfo = EWToast;
		};
/* End PBXContainerItemProxy section */

/* Begin PBXFileReference section */
		7908942F2147B8A800DC70C6 /* EWToast.app */ = {isa = PBXFileReference; explicitFileType = wrapper.application; includeInIndex = 0; path = EWToast.app; sourceTree = BUILT_PRODUCTS_DIR; };
		790894322147B8A800DC70C6 /* AppDelegate.swift */ = {isa = PBXFileReference; lastKnownFileType = sourcecode.swift; path = AppDelegate.swift; sourceTree = "<group>"; };
		790894342147B8A800DC70C6 /* ViewController.swift */ = {isa = PBXFileReference; lastKnownFileType = sourcecode.swift; path = ViewController.swift; sourceTree = "<group>"; };
		790894372147B8A800DC70C6 /* Base */ = {isa = PBXFileReference; lastKnownFileType = file.storyboard; name = Base; path = Base.lproj/Main.storyboard; sourceTree = "<group>"; };
		790894392147B8B200DC70C6 /* Assets.xcassets */ = {isa = PBXFileReference; lastKnownFileType = folder.assetcatalog; path = Assets.xcassets; sourceTree = "<group>"; };
		7908943C2147B8B200DC70C6 /* Base */ = {isa = PBXFileReference; lastKnownFileType = file.storyboard; name = Base; path = Base.lproj/LaunchScreen.storyboard; sourceTree = "<group>"; };
		7908943E2147B8B200DC70C6 /* Info.plist */ = {isa = PBXFileReference; lastKnownFileType = text.plist.xml; path = Info.plist; sourceTree = "<group>"; };
		790894432147B8B200DC70C6 /* EWToastTests.xctest */ = {isa = PBXFileReference; explicitFileType = wrapper.cfbundle; includeInIndex = 0; path = EWToastTests.xctest; sourceTree = BUILT_PRODUCTS_DIR; };
		790894472147B8B200DC70C6 /* EWToastTests.swift */ = {isa = PBXFileReference; lastKnownFileType = sourcecode.swift; path = EWToastTests.swift; sourceTree = "<group>"; };
		790894492147B8B200DC70C6 /* Info.plist */ = {isa = PBXFileReference; lastKnownFileType = text.plist.xml; path = Info.plist; sourceTree = "<group>"; };
		7908944E2147B8B200DC70C6 /* EWToastUITests.xctest */ = {isa = PBXFileReference; explicitFileType = wrapper.cfbundle; includeInIndex = 0; path = EWToastUITests.xctest; sourceTree = BUILT_PRODUCTS_DIR; };
		790894522147B8B200DC70C6 /* EWToastUITests.swift */ = {isa = PBXFileReference; lastKnownFileType = sourcecode.swift; path = EWToastUITests.swift; sourceTree = "<group>"; };
		790894542147B8B200DC70C6 /* Info.plist */ = {isa = PBXFileReference; lastKnownFileType = text.plist.xml; path = Info.plist; sourceTree = "<group>"; };
		790894642147C67500DC70C6 /* EWToast.swift */ = {isa = PBXFileReference; lastKnownFileType = sourcecode.swift; path = EWToast.swift; sourceTree = "<group>"; };
/* End PBXFileReference section */

/* Begin PBXFrameworksBuildPhase section */
		7908942C2147B8A800DC70C6 /* Frameworks */ = {
			isa = PBXFrameworksBuildPhase;
			buildActionMask = 2147483647;
			files = (
			);
			runOnlyForDeploymentPostprocessing = 0;
		};
		790894402147B8B200DC70C6 /* Frameworks */ = {
			isa = PBXFrameworksBuildPhase;
			buildActionMask = 2147483647;
			files = (
			);
			runOnlyForDeploymentPostprocessing = 0;
		};
		7908944B2147B8B200DC70C6 /* Frameworks */ = {
			isa = PBXFrameworksBuildPhase;
			buildActionMask = 2147483647;
			files = (
			);
			runOnlyForDeploymentPostprocessing = 0;
		};
/* End PBXFrameworksBuildPhase section */

/* Begin PBXGroup section */
		790894262147B8A800DC70C6 = {
			isa = PBXGroup;
			children = (
				790894312147B8A800DC70C6 /* EWToast */,
				790894462147B8B200DC70C6 /* EWToastTests */,
				790894512147B8B200DC70C6 /* EWToastUITests */,
				790894302147B8A800DC70C6 /* Products */,
			);
			sourceTree = "<group>";
		};
		790894302147B8A800DC70C6 /* Products */ = {
			isa = PBXGroup;
			children = (
				7908942F2147B8A800DC70C6 /* EWToast.app */,
				790894432147B8B200DC70C6 /* EWToastTests.xctest */,
				7908944E2147B8B200DC70C6 /* EWToastUITests.xctest */,
			);
			name = Products;
			sourceTree = "<group>";
		};
		790894312147B8A800DC70C6 /* EWToast */ = {
			isa = PBXGroup;
			children = (
				790894322147B8A800DC70C6 /* AppDelegate.swift */,
				790894642147C67500DC70C6 /* EWToast.swift */,
				790894342147B8A800DC70C6 /* ViewController.swift */,
				790894362147B8A800DC70C6 /* Main.storyboard */,
				790894392147B8B200DC70C6 /* Assets.xcassets */,
				7908943B2147B8B200DC70C6 /* LaunchScreen.storyboard */,
				7908943E2147B8B200DC70C6 /* Info.plist */,
			);
			path = EWToast;
			sourceTree = "<group>";
		};
		790894462147B8B200DC70C6 /* EWToastTests */ = {
			isa = PBXGroup;
			children = (
				790894472147B8B200DC70C6 /* EWToastTests.swift */,
				790894492147B8B200DC70C6 /* Info.plist */,
			);
			path = EWToastTests;
			sourceTree = "<group>";
		};
		790894512147B8B200DC70C6 /* EWToastUITests */ = {
			isa = PBXGroup;
			children = (
				790894522147B8B200DC70C6 /* EWToastUITests.swift */,
				790894542147B8B200DC70C6 /* Info.plist */,
			);
			path = EWToastUITests;
			sourceTree = "<group>";
		};
/* End PBXGroup section */

/* Begin PBXNativeTarget section */
		7908942E2147B8A800DC70C6 /* EWToast */ = {
			isa = PBXNativeTarget;
			buildConfigurationList = 790894572147B8B200DC70C6 /* Build configuration list for PBXNativeTarget "EWToast" */;
			buildPhases = (
				7908942B2147B8A800DC70C6 /* Sources */,
				7908942C2147B8A800DC70C6 /* Frameworks */,
				7908942D2147B8A800DC70C6 /* Resources */,
				792DABA72239FFB600967528 /* ShellScript */,
			);
			buildRules = (
			);
			dependencies = (
			);
			name = EWToast;
			productName = EWToast;
			productReference = 7908942F2147B8A800DC70C6 /* EWToast.app */;
			productType = "com.apple.product-type.application";
		};
		790894422147B8B200DC70C6 /* EWToastTests */ = {
			isa = PBXNativeTarget;
			buildConfigurationList = 7908945A2147B8B200DC70C6 /* Build configuration list for PBXNativeTarget "EWToastTests" */;
			buildPhases = (
				7908943F2147B8B200DC70C6 /* Sources */,
				790894402147B8B200DC70C6 /* Frameworks */,
				790894412147B8B200DC70C6 /* Resources */,
			);
			buildRules = (
			);
			dependencies = (
				790894452147B8B200DC70C6 /* PBXTargetDependency */,
			);
			name = EWToastTests;
			productName = EWToastTests;
			productReference = 790894432147B8B200DC70C6 /* EWToastTests.xctest */;
			productType = "com.apple.product-type.bundle.unit-test";
		};
		7908944D2147B8B200DC70C6 /* EWToastUITests */ = {
			isa = PBXNativeTarget;
			buildConfigurationList = 7908945D2147B8B200DC70C6 /* Build configuration list for PBXNativeTarget "EWToastUITests" */;
			buildPhases = (
				7908944A2147B8B200DC70C6 /* Sources */,
				7908944B2147B8B200DC70C6 /* Frameworks */,
				7908944C2147B8B200DC70C6 /* Resources */,
			);
			buildRules = (
			);
			dependencies = (
				790894502147B8B200DC70C6 /* PBXTargetDependency */,
			);
			name = EWToastUITests;
			productName = EWToastUITests;
			productReference = 7908944E2147B8B200DC70C6 /* EWToastUITests.xctest */;
			productType = "com.apple.product-type.bundle.ui-testing";
		};
/* End PBXNativeTarget section */

/* Begin PBXProject section */
		790894272147B8A800DC70C6 /* Project object */ = {
			isa = PBXProject;
			attributes = {
				LastSwiftUpdateCheck = 0940;
				LastUpgradeCheck = 0940;
				ORGANIZATIONNAME = Ethan;
				TargetAttributes = {
					7908942E2147B8A800DC70C6 = {
						CreatedOnToolsVersion = 9.4.1;
						LastSwiftMigration = 1000;
					};
					790894422147B8B200DC70C6 = {
						CreatedOnToolsVersion = 9.4.1;
						LastSwiftMigration = 1020;
						TestTargetID = 7908942E2147B8A800DC70C6;
					};
					7908944D2147B8B200DC70C6 = {
						CreatedOnToolsVersion = 9.4.1;
						LastSwiftMigration = 1020;
						TestTargetID = 7908942E2147B8A800DC70C6;
					};
				};
			};
			buildConfigurationList = 7908942A2147B8A800DC70C6 /* Build configuration list for PBXProject "EWToast" */;
			compatibilityVersion = "Xcode 9.3";
			developmentRegion = en;
			hasScannedForEncodings = 0;
			knownRegions = (
				en,
				Base,
			);
			mainGroup = 790894262147B8A800DC70C6;
			productRefGroup = 790894302147B8A800DC70C6 /* Products */;
			projectDirPath = "";
			projectRoot = "";
			targets = (
				7908942E2147B8A800DC70C6 /* EWToast */,
				790894422147B8B200DC70C6 /* EWToastTests */,
				7908944D2147B8B200DC70C6 /* EWToastUITests */,
			);
		};
/* End PBXProject section */

/* Begin PBXResourcesBuildPhase section */
		7908942D2147B8A800DC70C6 /* Resources */ = {
			isa = PBXResourcesBuildPhase;
			buildActionMask = 2147483647;
			files = (
				7908943D2147B8B200DC70C6 /* LaunchScreen.storyboard in Resources */,
				7908943A2147B8B200DC70C6 /* Assets.xcassets in Resources */,
				790894382147B8A800DC70C6 /* Main.storyboard in Resources */,
			);
			runOnlyForDeploymentPostprocessing = 0;
		};
		790894412147B8B200DC70C6 /* Resources */ = {
			isa = PBXResourcesBuildPhase;
			buildActionMask = 2147483647;
			files = (
			);
			runOnlyForDeploymentPostprocessing = 0;
		};
		7908944C2147B8B200DC70C6 /* Resources */ = {
			isa = PBXResourcesBuildPhase;
			buildActionMask = 2147483647;
			files = (
			);
			runOnlyForDeploymentPostprocessing = 0;
		};
/* End PBXResourcesBuildPhase section */

/* Begin PBXShellScriptBuildPhase section */
		792DABA72239FFB600967528 /* ShellScript */ = {
			isa = PBXShellScriptBuildPhase;
			buildActionMask = 2147483647;
			files = (
			);
			inputFileListPaths = (
			);
			inputPaths = (
			);
			outputFileListPaths = (
			);
			outputPaths = (
			);
			runOnlyForDeploymentPostprocessing = 0;
			shellPath = /bin/sh;
			shellScript = "if which swiftlint >/dev/null; then\nswiftlint\nelse\necho \"warning: SwiftLint not installed, download from https://github.com/realm/SwiftLint\"\nfi\n";
		};
/* End PBXShellScriptBuildPhase section */

/* Begin PBXSourcesBuildPhase section */
		7908942B2147B8A800DC70C6 /* Sources */ = {
			isa = PBXSourcesBuildPhase;
			buildActionMask = 2147483647;
			files = (
				790894352147B8A800DC70C6 /* ViewController.swift in Sources */,
				790894332147B8A800DC70C6 /* AppDelegate.swift in Sources */,
				790894652147C67500DC70C6 /* EWToast.swift in Sources */,
			);
			runOnlyForDeploymentPostprocessing = 0;
		};
		7908943F2147B8B200DC70C6 /* Sources */ = {
			isa = PBXSourcesBuildPhase;
			buildActionMask = 2147483647;
			files = (
				790894482147B8B200DC70C6 /* EWToastTests.swift in Sources */,
			);
			runOnlyForDeploymentPostprocessing = 0;
		};
		7908944A2147B8B200DC70C6 /* Sources */ = {
			isa = PBXSourcesBuildPhase;
			buildActionMask = 2147483647;
			files = (
				790894532147B8B200DC70C6 /* EWToastUITests.swift in Sources */,
			);
			runOnlyForDeploymentPostprocessing = 0;
		};
/* End PBXSourcesBuildPhase section */

/* Begin PBXTargetDependency section */
		790894452147B8B200DC70C6 /* PBXTargetDependency */ = {
			isa = PBXTargetDependency;
			target = 7908942E2147B8A800DC70C6 /* EWToast */;
			targetProxy = 790894442147B8B200DC70C6 /* PBXContainerItemProxy */;
		};
		790894502147B8B200DC70C6 /* PBXTargetDependency */ = {
			isa = PBXTargetDependency;
			target = 7908942E2147B8A800DC70C6 /* EWToast */;
			targetProxy = 7908944F2147B8B200DC70C6 /* PBXContainerItemProxy */;
		};
/* End PBXTargetDependency section */

/* Begin PBXVariantGroup section */
		790894362147B8A800DC70C6 /* Main.storyboard */ = {
			isa = PBXVariantGroup;
			children = (
				790894372147B8A800DC70C6 /* Base */,
			);
			name = Main.storyboard;
			sourceTree = "<group>";
		};
		7908943B2147B8B200DC70C6 /* LaunchScreen.storyboard */ = {
			isa = PBXVariantGroup;
			children = (
				7908943C2147B8B200DC70C6 /* Base */,
			);
			name = LaunchScreen.storyboard;
			sourceTree = "<group>";
		};
/* End PBXVariantGroup section */

/* Begin XCBuildConfiguration section */
		790894552147B8B200DC70C6 /* Debug */ = {
			isa = XCBuildConfiguration;
			buildSettings = {
				ALWAYS_SEARCH_USER_PATHS = NO;
				CLANG_ANALYZER_NONNULL = YES;
				CLANG_ANALYZER_NUMBER_OBJECT_CONVERSION = YES_AGGRESSIVE;
				CLANG_CXX_LANGUAGE_STANDARD = "gnu++14";
				CLANG_CXX_LIBRARY = "libc++";
				CLANG_ENABLE_MODULES = YES;
				CLANG_ENABLE_OBJC_ARC = YES;
				CLANG_ENABLE_OBJC_WEAK = YES;
				CLANG_WARN_BLOCK_CAPTURE_AUTORELEASING = YES;
				CLANG_WARN_BOOL_CONVERSION = YES;
				CLANG_WARN_COMMA = YES;
				CLANG_WARN_CONSTANT_CONVERSION = YES;
				CLANG_WARN_DEPRECATED_OBJC_IMPLEMENTATIONS = YES;
				CLANG_WARN_DIRECT_OBJC_ISA_USAGE = YES_ERROR;
				CLANG_WARN_DOCUMENTATION_COMMENTS = YES;
				CLANG_WARN_EMPTY_BODY = YES;
				CLANG_WARN_ENUM_CONVERSION = YES;
				CLANG_WARN_INFINITE_RECURSION = YES;
				CLANG_WARN_INT_CONVERSION = YES;
				CLANG_WARN_NON_LITERAL_NULL_CONVERSION = YES;
				CLANG_WARN_OBJC_IMPLICIT_RETAIN_SELF = YES;
				CLANG_WARN_OBJC_LITERAL_CONVERSION = YES;
				CLANG_WARN_OBJC_ROOT_CLASS = YES_ERROR;
				CLANG_WARN_RANGE_LOOP_ANALYSIS = YES;
				CLANG_WARN_STRICT_PROTOTYPES = YES;
				CLANG_WARN_SUSPICIOUS_MOVE = YES;
				CLANG_WARN_UNGUARDED_AVAILABILITY = YES_AGGRESSIVE;
				CLANG_WARN_UNREACHABLE_CODE = YES;
				CLANG_WARN__DUPLICATE_METHOD_MATCH = YES;
				CODE_SIGN_IDENTITY = "iPhone Developer";
				COPY_PHASE_STRIP = NO;
				DEBUG_INFORMATION_FORMAT = dwarf;
				ENABLE_STRICT_OBJC_MSGSEND = YES;
				ENABLE_TESTABILITY = YES;
				GCC_C_LANGUAGE_STANDARD = gnu11;
				GCC_DYNAMIC_NO_PIC = NO;
				GCC_NO_COMMON_BLOCKS = YES;
				GCC_OPTIMIZATION_LEVEL = 0;
				GCC_PREPROCESSOR_DEFINITIONS = (
					"DEBUG=1",
					"$(inherited)",
				);
				GCC_WARN_64_TO_32_BIT_CONVERSION = YES;
				GCC_WARN_ABOUT_RETURN_TYPE = YES_ERROR;
				GCC_WARN_UNDECLARED_SELECTOR = YES;
				GCC_WARN_UNINITIALIZED_AUTOS = YES_AGGRESSIVE;
				GCC_WARN_UNUSED_FUNCTION = YES;
				GCC_WARN_UNUSED_VARIABLE = YES;
				IPHONEOS_DEPLOYMENT_TARGET = 11.4;
				MTL_ENABLE_DEBUG_INFO = YES;
				ONLY_ACTIVE_ARCH = YES;
				SDKROOT = iphoneos;
				SWIFT_ACTIVE_COMPILATION_CONDITIONS = DEBUG;
				SWIFT_OPTIMIZATION_LEVEL = "-Onone";
			};
			name = Debug;
		};
		790894562147B8B200DC70C6 /* Release */ = {
			isa = XCBuildConfiguration;
			buildSettings = {
				ALWAYS_SEARCH_USER_PATHS = NO;
				CLANG_ANALYZER_NONNULL = YES;
				CLANG_ANALYZER_NUMBER_OBJECT_CONVERSION = YES_AGGRESSIVE;
				CLANG_CXX_LANGUAGE_STANDARD = "gnu++14";
				CLANG_CXX_LIBRARY = "libc++";
				CLANG_ENABLE_MODULES = YES;
				CLANG_ENABLE_OBJC_ARC = YES;
				CLANG_ENABLE_OBJC_WEAK = YES;
				CLANG_WARN_BLOCK_CAPTURE_AUTORELEASING = YES;
				CLANG_WARN_BOOL_CONVERSION = YES;
				CLANG_WARN_COMMA = YES;
				CLANG_WARN_CONSTANT_CONVERSION = YES;
				CLANG_WARN_DEPRECATED_OBJC_IMPLEMENTATIONS = YES;
				CLANG_WARN_DIRECT_OBJC_ISA_USAGE = YES_ERROR;
				CLANG_WARN_DOCUMENTATION_COMMENTS = YES;
				CLANG_WARN_EMPTY_BODY = YES;
				CLANG_WARN_ENUM_CONVERSION = YES;
				CLANG_WARN_INFINITE_RECURSION = YES;
				CLANG_WARN_INT_CONVERSION = YES;
				CLANG_WARN_NON_LITERAL_NULL_CONVERSION = YES;
				CLANG_WARN_OBJC_IMPLICIT_RETAIN_SELF = YES;
				CLANG_WARN_OBJC_LITERAL_CONVERSION = YES;
				CLANG_WARN_OBJC_ROOT_CLASS = YES_ERROR;
				CLANG_WARN_RANGE_LOOP_ANALYSIS = YES;
				CLANG_WARN_STRICT_PROTOTYPES = YES;
				CLANG_WARN_SUSPICIOUS_MOVE = YES;
				CLANG_WARN_UNGUARDED_AVAILABILITY = YES_AGGRESSIVE;
				CLANG_WARN_UNREACHABLE_CODE = YES;
				CLANG_WARN__DUPLICATE_METHOD_MATCH = YES;
				CODE_SIGN_IDENTITY = "iPhone Developer";
				COPY_PHASE_STRIP = NO;
				DEBUG_INFORMATION_FORMAT = "dwarf-with-dsym";
				ENABLE_NS_ASSERTIONS = NO;
				ENABLE_STRICT_OBJC_MSGSEND = YES;
				GCC_C_LANGUAGE_STANDARD = gnu11;
				GCC_NO_COMMON_BLOCKS = YES;
				GCC_WARN_64_TO_32_BIT_CONVERSION = YES;
				GCC_WARN_ABOUT_RETURN_TYPE = YES_ERROR;
				GCC_WARN_UNDECLARED_SELECTOR = YES;
				GCC_WARN_UNINITIALIZED_AUTOS = YES_AGGRESSIVE;
				GCC_WARN_UNUSED_FUNCTION = YES;
				GCC_WARN_UNUSED_VARIABLE = YES;
				IPHONEOS_DEPLOYMENT_TARGET = 11.4;
				MTL_ENABLE_DEBUG_INFO = NO;
				SDKROOT = iphoneos;
				SWIFT_COMPILATION_MODE = wholemodule;
				SWIFT_OPTIMIZATION_LEVEL = "-O";
				VALIDATE_PRODUCT = YES;
			};
			name = Release;
		};
		790894582147B8B200DC70C6 /* Debug */ = {
			isa = XCBuildConfiguration;
			buildSettings = {
				ASSETCATALOG_COMPILER_APPICON_NAME = AppIcon;
				CLANG_ENABLE_MODULES = YES;
				CODE_SIGN_STYLE = Automatic;
				DEVELOPMENT_TEAM = B8V4DCL3BF;
				INFOPLIST_FILE = EWToast/Info.plist;
				LD_RUNPATH_SEARCH_PATHS = (
					"$(inherited)",
					"@executable_path/Frameworks",
				);
				PRODUCT_BUNDLE_IDENTIFIER = com.Ethan.EWToast;
				PRODUCT_NAME = "$(TARGET_NAME)";
				SWIFT_OBJC_BRIDGING_HEADER = "";
				SWIFT_OPTIMIZATION_LEVEL = "-Onone";
				SWIFT_VERSION = 5.0;
				TARGETED_DEVICE_FAMILY = "1,2";
			};
			name = Debug;
		};
		790894592147B8B200DC70C6 /* Release */ = {
			isa = XCBuildConfiguration;
			buildSettings = {
				ASSETCATALOG_COMPILER_APPICON_NAME = AppIcon;
				CLANG_ENABLE_MODULES = YES;
				CODE_SIGN_STYLE = Automatic;
				DEVELOPMENT_TEAM = B8V4DCL3BF;
				INFOPLIST_FILE = EWToast/Info.plist;
				LD_RUNPATH_SEARCH_PATHS = (
					"$(inherited)",
					"@executable_path/Frameworks",
				);
				PRODUCT_BUNDLE_IDENTIFIER = com.Ethan.EWToast;
				PRODUCT_NAME = "$(TARGET_NAME)";
				SWIFT_OBJC_BRIDGING_HEADER = "";
				SWIFT_VERSION = 5.0;
				TARGETED_DEVICE_FAMILY = "1,2";
			};
			name = Release;
		};
		7908945B2147B8B200DC70C6 /* Debug */ = {
			isa = XCBuildConfiguration;
			buildSettings = {
				ALWAYS_EMBED_SWIFT_STANDARD_LIBRARIES = YES;
				BUNDLE_LOADER = "$(TEST_HOST)";
				CODE_SIGN_STYLE = Automatic;
				DEVELOPMENT_TEAM = B8V4DCL3BF;
				INFOPLIST_FILE = EWToastTests/Info.plist;
				LD_RUNPATH_SEARCH_PATHS = (
					"$(inherited)",
					"@executable_path/Frameworks",
					"@loader_path/Frameworks",
				);
				PRODUCT_BUNDLE_IDENTIFIER = com.Ethan.EWToastTests;
				PRODUCT_NAME = "$(TARGET_NAME)";
				SWIFT_VERSION = 5.0;
				TARGETED_DEVICE_FAMILY = "1,2";
				TEST_HOST = "$(BUILT_PRODUCTS_DIR)/EWToast.app/EWToast";
			};
			name = Debug;
		};
		7908945C2147B8B200DC70C6 /* Release */ = {
			isa = XCBuildConfiguration;
			buildSettings = {
				ALWAYS_EMBED_SWIFT_STANDARD_LIBRARIES = YES;
				BUNDLE_LOADER = "$(TEST_HOST)";
				CODE_SIGN_STYLE = Automatic;
				DEVELOPMENT_TEAM = B8V4DCL3BF;
				INFOPLIST_FILE = EWToastTests/Info.plist;
				LD_RUNPATH_SEARCH_PATHS = (
					"$(inherited)",
					"@executable_path/Frameworks",
					"@loader_path/Frameworks",
				);
				PRODUCT_BUNDLE_IDENTIFIER = com.Ethan.EWToastTests;
				PRODUCT_NAME = "$(TARGET_NAME)";
				SWIFT_VERSION = 5.0;
				TARGETED_DEVICE_FAMILY = "1,2";
				TEST_HOST = "$(BUILT_PRODUCTS_DIR)/EWToast.app/EWToast";
			};
			name = Release;
		};
		7908945E2147B8B200DC70C6 /* Debug */ = {
			isa = XCBuildConfiguration;
			buildSettings = {
				ALWAYS_EMBED_SWIFT_STANDARD_LIBRARIES = YES;
				CODE_SIGN_STYLE = Automatic;
				DEVELOPMENT_TEAM = B8V4DCL3BF;
				INFOPLIST_FILE = EWToastUITests/Info.plist;
				LD_RUNPATH_SEARCH_PATHS = (
					"$(inherited)",
					"@executable_path/Frameworks",
					"@loader_path/Frameworks",
				);
				PRODUCT_BUNDLE_IDENTIFIER = com.Ethan.EWToastUITests;
				PRODUCT_NAME = "$(TARGET_NAME)";
				SWIFT_VERSION = 5.0;
				TARGETED_DEVICE_FAMILY = "1,2";
				TEST_TARGET_NAME = EWToast;
			};
			name = Debug;
		};
		7908945F2147B8B200DC70C6 /* Release */ = {
			isa = XCBuildConfiguration;
			buildSettings = {
				ALWAYS_EMBED_SWIFT_STANDARD_LIBRARIES = YES;
				CODE_SIGN_STYLE = Automatic;
				DEVELOPMENT_TEAM = B8V4DCL3BF;
				INFOPLIST_FILE = EWToastUITests/Info.plist;
				LD_RUNPATH_SEARCH_PATHS = (
					"$(inherited)",
					"@executable_path/Frameworks",
					"@loader_path/Frameworks",
				);
				PRODUCT_BUNDLE_IDENTIFIER = com.Ethan.EWToastUITests;
				PRODUCT_NAME = "$(TARGET_NAME)";
				SWIFT_VERSION = 5.0;
				TARGETED_DEVICE_FAMILY = "1,2";
				TEST_TARGET_NAME = EWToast;
			};
			name = Release;
		};
/* End XCBuildConfiguration section */

/* Begin XCConfigurationList section */
		7908942A2147B8A800DC70C6 /* Build configuration list for PBXProject "EWToast" */ = {
			isa = XCConfigurationList;
			buildConfigurations = (
				790894552147B8B200DC70C6 /* Debug */,
				790894562147B8B200DC70C6 /* Release */,
			);
			defaultConfigurationIsVisible = 0;
			defaultConfigurationName = Release;
		};
		790894572147B8B200DC70C6 /* Build configuration list for PBXNativeTarget "EWToast" */ = {
			isa = XCConfigurationList;
			buildConfigurations = (
				790894582147B8B200DC70C6 /* Debug */,
				790894592147B8B200DC70C6 /* Release */,
			);
			defaultConfigurationIsVisible = 0;
			defaultConfigurationName = Release;
		};
		7908945A2147B8B200DC70C6 /* Build configuration list for PBXNativeTarget "EWToastTests" */ = {
			isa = XCConfigurationList;
			buildConfigurations = (
				7908945B2147B8B200DC70C6 /* Debug */,
				7908945C2147B8B200DC70C6 /* Release */,
			);
			defaultConfigurationIsVisible = 0;
			defaultConfigurationName = Release;
		};
		7908945D2147B8B200DC70C6 /* Build configuration list for PBXNativeTarget "EWToastUITests" */ = {
			isa = XCConfigurationList;
			buildConfigurations = (
				7908945E2147B8B200DC70C6 /* Debug */,
				7908945F2147B8B200DC70C6 /* Release */,
			);
			defaultConfigurationIsVisible = 0;
			defaultConfigurationName = Release;
		};
/* End XCConfigurationList section */
	};
	rootObject = 790894272147B8A800DC70C6 /* Project object */;
}
